
Microsoft Visual Studio Solution File, Format Version 12.00
# Visual Studio Version 17
VisualStudioVersion = 17.7.34009.444
MinimumVisualStudioVersion = 10.0.40219.1
Project("{FAE04EC0-301F-11D3-BF4B-00C04F79EFBC}") = "0003 перевірка про закінчення", "0003 перевірка про закінчення.csproj", "{8FCDF065-368A-4791-998D-DE76F37969AA}"
EndProject
Global
	GlobalSection(SolutionConfigurationPlatforms) = preSolution
		Debug|Any CPU = Debug|Any CPU
		Release|Any CPU = Release|Any CPU
	EndGlobalSection
	GlobalSection(ProjectConfigurationPlatforms) = postSolution
		{8FCDF065-368A-4791-998D-DE76F37969AA}.Debug|Any CPU.ActiveCfg = Debug|Any CPU
		{8FCDF065-368A-4791-998D-DE76F37969AA}.Debug|Any CPU.Build.0 = Debug|Any CPU
		{8FCDF065-368A-4791-998D-DE76F37969AA}.Release|Any CPU.ActiveCfg = Release|Any CPU
		{8FCDF065-368A-4791-998D-DE76F37969AA}.Release|Any CPU.Build.0 = Release|Any CPU
	EndGlobalSection
	GlobalSection(SolutionProperties) = preSolution
		HideSolutionNode = FALSE
	EndGlobalSection
	GlobalSection(ExtensibilityGlobals) = postSolution
		SolutionGuid = {D4A4168C-0328-4A67-B99F-ADFE6AB087B8}
	EndGlobalSection
EndGlobal
